
Microsoft Visual Studio Solution File, Format Version 12.00
# Visual Studio Version 16
VisualStudioVersion = 25.0.1705.1
MinimumVisualStudioVersion = 10.0.40219.1
Project("{FAE04EC0-301F-11D3-BF4B-00C04F79EFBC}") = "Week_14", "Week_14\Week_14.csproj", "{515C4655-8744-43A2-91F7-FCB47FFBC04C}"
EndProject
Global
	GlobalSection(SolutionConfigurationPlatforms) = preSolution
		Debug|Any CPU = Debug|Any CPU
		Release|Any CPU = Release|Any CPU
	EndGlobalSection
	GlobalSection(ProjectConfigurationPlatforms) = postSolution
		{515C4655-8744-43A2-91F7-FCB47FFBC04C}.Debug|Any CPU.ActiveCfg = Debug|Any CPU
		{515C4655-8744-43A2-91F7-FCB47FFBC04C}.Debug|Any CPU.Build.0 = Debug|Any CPU
		{515C4655-8744-43A2-91F7-FCB47FFBC04C}.Release|Any CPU.ActiveCfg = Release|Any CPU
		{515C4655-8744-43A2-91F7-FCB47FFBC04C}.Release|Any CPU.Build.0 = Release|Any CPU
	EndGlobalSection
	GlobalSection(SolutionProperties) = preSolution
		HideSolutionNode = FALSE
	EndGlobalSection
	GlobalSection(ExtensibilityGlobals) = postSolution
		SolutionGuid = {285ED27C-E712-4C0D-BBB9-F11B6DFCBE40}
	EndGlobalSection
EndGlobal
